Microsoft Visual Studio Solution File, Format Version 12.00
# Visual Studio Version 17
VisualStudioVersion = 17.5.2.0
MinimumVisualStudioVersion = 10.0.40219.1
Project("{FAE04EC0-301F-11D3-BF4B-00C04F79EFBC}") = "TpClassesAbstraitesAppareils", "TpClassesAbstraitesAppareils.csproj", "{CE962ED5-FF25-79EF-2FDE-FB8822A8CEE0}"
EndProject
Global
	GlobalSection(SolutionConfigurationPlatforms) = preSolution
		Debug|Any CPU = Debug|Any CPU
		Release|Any CPU = Release|Any CPU
	EndGlobalSection
	GlobalSection(ProjectConfigurationPlatforms) = postSolution
		{CE962ED5-FF25-79EF-2FDE-FB8822A8CEE0}.Debug|Any CPU.ActiveCfg = Debug|Any CPU
		{CE962ED5-FF25-79EF-2FDE-FB8822A8CEE0}.Debug|Any CPU.Build.0 = Debug|Any CPU
		{CE962ED5-FF25-79EF-2FDE-FB8822A8CEE0}.Release|Any CPU.ActiveCfg = Release|Any CPU
		{CE962ED5-FF25-79EF-2FDE-FB8822A8CEE0}.Release|Any CPU.Build.0 = Release|Any CPU
	EndGlobalSection
	GlobalSection(SolutionProperties) = preSolution
		HideSolutionNode = FALSE
	EndGlobalSection
	GlobalSection(ExtensibilityGlobals) = postSolution
		SolutionGuid = {6B0224D3-DB1B-44E7-AFB9-0D5459133045}
	EndGlobalSection
EndGlobal
